
Microsoft Visual Studio Solution File, Format Version 12.00
# Visual Studio Version 17
VisualStudioVersion = 17.9.34714.143
MinimumVisualStudioVersion = 10.0.40219.1
Project("{FAE04EC0-301F-11D3-BF4B-00C04F79EFBC}") = "Calculos", "Calculos\Calculos.csproj", "{2ED35CA6-A267-45C5-8730-33FAA838884A}"
EndProject
Project("{FAE04EC0-301F-11D3-BF4B-00C04F79EFBC}") = "Calculos.Test", "Calculos.Test\Calculos.Test.csproj", "{CE4FFDFD-5296-4452-BC42-06EE0D39BFD5}"
EndProject
Global
	GlobalSection(SolutionConfigurationPlatforms) = preSolution
		Debug|Any CPU = Debug|Any CPU
		Release|Any CPU = Release|Any CPU
	EndGlobalSection
	GlobalSection(ProjectConfigurationPlatforms) = postSolution
		{2ED35CA6-A267-45C5-8730-33FAA838884A}.Debug|Any CPU.ActiveCfg = Debug|Any CPU
		{2ED35CA6-A267-45C5-8730-33FAA838884A}.Debug|Any CPU.Build.0 = Debug|Any CPU
		{2ED35CA6-A267-45C5-8730-33FAA838884A}.Release|Any CPU.ActiveCfg = Release|Any CPU
		{2ED35CA6-A267-45C5-8730-33FAA838884A}.Release|Any CPU.Build.0 = Release|Any CPU
		{CE4FFDFD-5296-4452-BC42-06EE0D39BFD5}.Debug|Any CPU.ActiveCfg = Debug|Any CPU
		{CE4FFDFD-5296-4452-BC42-06EE0D39BFD5}.Debug|Any CPU.Build.0 = Debug|Any CPU
		{CE4FFDFD-5296-4452-BC42-06EE0D39BFD5}.Release|Any CPU.ActiveCfg = Release|Any CPU
		{CE4FFDFD-5296-4452-BC42-06EE0D39BFD5}.Release|Any CPU.Build.0 = Release|Any CPU
	EndGlobalSection
	GlobalSection(SolutionProperties) = preSolution
		HideSolutionNode = FALSE
	EndGlobalSection
	GlobalSection(ExtensibilityGlobals) = postSolution
		SolutionGuid = {9FD2263B-8223-4B36-835B-D0E3D53ABEDA}
	EndGlobalSection
EndGlobal
