
Microsoft Visual Studio Solution File, Format Version 12.00
# Visual Studio Version 17
VisualStudioVersion = 17.9.34714.143
MinimumVisualStudioVersion = 10.0.40219.1
Project("{FAE04EC0-301F-11D3-BF4B-00C04F79EFBC}") = "Conversao", "Conversao\Conversao.csproj", "{70C449BC-BC7E-44D9-9458-8EDFF2E99C7E}"
EndProject
Project("{FAE04EC0-301F-11D3-BF4B-00C04F79EFBC}") = "Conversao.Test", "Conversao.Test\Conversao.Test.csproj", "{05D5650A-C4AA-45D2-8C30-BCF91577A744}"
EndProject
Global
	GlobalSection(SolutionConfigurationPlatforms) = preSolution
		Debug|Any CPU = Debug|Any CPU
		Release|Any CPU = Release|Any CPU
	EndGlobalSection
	GlobalSection(ProjectConfigurationPlatforms) = postSolution
		{70C449BC-BC7E-44D9-9458-8EDFF2E99C7E}.Debug|Any CPU.ActiveCfg = Debug|Any CPU
		{70C449BC-BC7E-44D9-9458-8EDFF2E99C7E}.Debug|Any CPU.Build.0 = Debug|Any CPU
		{70C449BC-BC7E-44D9-9458-8EDFF2E99C7E}.Release|Any CPU.ActiveCfg = Release|Any CPU
		{70C449BC-BC7E-44D9-9458-8EDFF2E99C7E}.Release|Any CPU.Build.0 = Release|Any CPU
		{05D5650A-C4AA-45D2-8C30-BCF91577A744}.Debug|Any CPU.ActiveCfg = Debug|Any CPU
		{05D5650A-C4AA-45D2-8C30-BCF91577A744}.Debug|Any CPU.Build.0 = Debug|Any CPU
		{05D5650A-C4AA-45D2-8C30-BCF91577A744}.Release|Any CPU.ActiveCfg = Release|Any CPU
		{05D5650A-C4AA-45D2-8C30-BCF91577A744}.Release|Any CPU.Build.0 = Release|Any CPU
	EndGlobalSection
	GlobalSection(SolutionProperties) = preSolution
		HideSolutionNode = FALSE
	EndGlobalSection
	GlobalSection(ExtensibilityGlobals) = postSolution
		SolutionGuid = {D8C74D21-41E3-4D82-AE5F-E6B579ACFD99}
	EndGlobalSection
EndGlobal
