
Microsoft Visual Studio Solution File, Format Version 12.00
# Visual Studio Version 17
VisualStudioVersion = 17.9.34714.143
MinimumVisualStudioVersion = 10.0.40219.1
Project("{FAE04EC0-301F-11D3-BF4B-00C04F79EFBC}") = "Email", "Email\Email.csproj", "{D8DC7A21-C3A3-42E6-9324-AAD8FB284872}"
EndProject
Project("{FAE04EC0-301F-11D3-BF4B-00C04F79EFBC}") = "Email.Test", "Email.Test\Email.Test.csproj", "{83D39CD3-48D4-4A12-908E-16B22FE55DCA}"
EndProject
Global
	GlobalSection(SolutionConfigurationPlatforms) = preSolution
		Debug|Any CPU = Debug|Any CPU
		Release|Any CPU = Release|Any CPU
	EndGlobalSection
	GlobalSection(ProjectConfigurationPlatforms) = postSolution
		{D8DC7A21-C3A3-42E6-9324-AAD8FB284872}.Debug|Any CPU.ActiveCfg = Debug|Any CPU
		{D8DC7A21-C3A3-42E6-9324-AAD8FB284872}.Debug|Any CPU.Build.0 = Debug|Any CPU
		{D8DC7A21-C3A3-42E6-9324-AAD8FB284872}.Release|Any CPU.ActiveCfg = Release|Any CPU
		{D8DC7A21-C3A3-42E6-9324-AAD8FB284872}.Release|Any CPU.Build.0 = Release|Any CPU
		{83D39CD3-48D4-4A12-908E-16B22FE55DCA}.Debug|Any CPU.ActiveCfg = Debug|Any CPU
		{83D39CD3-48D4-4A12-908E-16B22FE55DCA}.Debug|Any CPU.Build.0 = Debug|Any CPU
		{83D39CD3-48D4-4A12-908E-16B22FE55DCA}.Release|Any CPU.ActiveCfg = Release|Any CPU
		{83D39CD3-48D4-4A12-908E-16B22FE55DCA}.Release|Any CPU.Build.0 = Release|Any CPU
	EndGlobalSection
	GlobalSection(SolutionProperties) = preSolution
		HideSolutionNode = FALSE
	EndGlobalSection
	GlobalSection(ExtensibilityGlobals) = postSolution
		SolutionGuid = {13DE3FA5-176E-4DFF-9EDA-E94136722925}
	EndGlobalSection
EndGlobal
